// !$*UTF8*$!
{
	archiveVersion = 1;
	classes = {
	};
	objectVersion = 48;
	objects = {

/* Begin PBXBuildFile section */
		D72868271FACB2680048A5D1 /* AppDelegate.swift in Sources */ = {isa = PBXBuildFile; fileRef = D72868261FACB2680048A5D1 /* AppDelegate.swift */; };
		D72868291FACB2680048A5D1 /* ViewController.swift in Sources */ = {isa = PBXBuildFile; fileRef = D72868281FACB2680048A5D1 /* ViewController.swift */; };
		D728682C1FACB2680048A5D1 /* Main.storyboard in Resources */ = {isa = PBXBuildFile; fileRef = D728682A1FACB2680048A5D1 /* Main.storyboard */; };
		D728682E1FACB2680048A5D1 /* Assets.xcassets in Resources */ = {isa = PBXBuildFile; fileRef = D728682D1FACB2680048A5D1 /* Assets.xcassets */; };
		D79B406420E4E737009275B7 /* AboutViewController.swift in Sources */ = {isa = PBXBuildFile; fileRef = D79B406320E4E737009275B7 /* AboutViewController.swift */; };
		D79B406620E50788009275B7 /* BullsEye.html in Resources */ = {isa = PBXBuildFile; fileRef = D79B406520E50788009275B7 /* BullsEye.html */; };
		D79B406820E5124D009275B7 /* Default-568h@2x.png in Resources */ = {isa = PBXBuildFile; fileRef = D79B406720E5124D009275B7 /* Default-568h@2x.png */; };
		D7CEA020214F90EC00204688 /* Localizable.strings in Resources */ = {isa = PBXBuildFile; fileRef = D7CEA01E214F90EC00204688 /* Localizable.strings */; };
/* End PBXBuildFile section */

/* Begin PBXFileReference section */
		D72868231FACB2680048A5D1 /* bulls-eye.app */ = {isa = PBXFileReference; explicitFileType = wrapper.application; includeInIndex = 0; path = "bulls-eye.app"; sourceTree = BUILT_PRODUCTS_DIR; };
		D72868261FACB2680048A5D1 /* AppDelegate.swift */ = {isa = PBXFileReference; lastKnownFileType = sourcecode.swift; path = AppDelegate.swift; sourceTree = "<group>"; };
		D72868281FACB2680048A5D1 /* ViewController.swift */ = {isa = PBXFileReference; lastKnownFileType = sourcecode.swift; path = ViewController.swift; sourceTree = "<group>"; };
		D728682B1FACB2680048A5D1 /* Base */ = {isa = PBXFileReference; lastKnownFileType = file.storyboard; name = Base; path = Base.lproj/Main.storyboard; sourceTree = "<group>"; };
		D728682D1FACB2680048A5D1 /* Assets.xcassets */ = {isa = PBXFileReference; lastKnownFileType = folder.assetcatalog; path = Assets.xcassets; sourceTree = "<group>"; };
		D72868321FACB2680048A5D1 /* Info.plist */ = {isa = PBXFileReference; lastKnownFileType = text.plist.xml; path = Info.plist; sourceTree = "<group>"; };
		D79B406320E4E737009275B7 /* AboutViewController.swift */ = {isa = PBXFileReference; lastKnownFileType = sourcecode.swift; path = AboutViewController.swift; sourceTree = "<group>"; };
		D79B406520E50788009275B7 /* BullsEye.html */ = {isa = PBXFileReference; fileEncoding = 4; lastKnownFileType = text.html; path = BullsEye.html; sourceTree = "<group>"; };
		D79B406720E5124D009275B7 /* Default-568h@2x.png */ = {isa = PBXFileReference; lastKnownFileType = image.png; path = "Default-568h@2x.png"; sourceTree = "<group>"; };
		D7CEA018214F8C3300204688 /* en */ = {isa = PBXFileReference; lastKnownFileType = text.plist.strings; name = en; path = en.lproj/Main.strings; sourceTree = "<group>"; };
		D7CEA01F214F90EC00204688 /* en */ = {isa = PBXFileReference; lastKnownFileType = text.plist.strings; name = en; path = en.lproj/Localizable.strings; sourceTree = "<group>"; };
		D7CEA021214F90FB00204688 /* de */ = {isa = PBXFileReference; lastKnownFileType = text.plist.strings; name = de; path = de.lproj/Main.strings; sourceTree = "<group>"; };
		D7CEA022214F90FB00204688 /* de */ = {isa = PBXFileReference; lastKnownFileType = text.plist.strings; name = de; path = de.lproj/Localizable.strings; sourceTree = "<group>"; };
/* End PBXFileReference section */

/* Begin PBXFrameworksBuildPhase section */
		D72868201FACB2680048A5D1 /* Frameworks */ = {
			isa = PBXFrameworksBuildPhase;
			buildActionMask = 2147483647;
			files = (
			);
			runOnlyForDeploymentPostprocessing = 0;
		};
/* End PBXFrameworksBuildPhase section */

/* Begin PBXGroup section */
		D728681A1FACB2680048A5D1 = {
			isa = PBXGroup;
			children = (
				D72868251FACB2680048A5D1 /* bulls-eye */,
				D72868241FACB2680048A5D1 /* Products */,
			);
			sourceTree = "<group>";
		};
		D72868241FACB2680048A5D1 /* Products */ = {
			isa = PBXGroup;
			children = (
				D72868231FACB2680048A5D1 /* bulls-eye.app */,
			);
			name = Products;
			sourceTree = "<group>";
		};
		D72868251FACB2680048A5D1 /* bulls-eye */ = {
			isa = PBXGroup;
			children = (
				D72868321FACB2680048A5D1 /* Info.plist */,
				D728682A1FACB2680048A5D1 /* Main.storyboard */,
				D778FE77216CC98B006BC755 /* View Controllers */,
				D778FE76216CC961006BC755 /* Supporting Files */,
			);
			path = "bulls-eye";
			sourceTree = "<group>";
		};
		D778FE76216CC961006BC755 /* Supporting Files */ = {
			isa = PBXGroup;
			children = (
				D7CEA01E214F90EC00204688 /* Localizable.strings */,
				D79B406720E5124D009275B7 /* Default-568h@2x.png */,
				D79B406520E50788009275B7 /* BullsEye.html */,
				D72868261FACB2680048A5D1 /* AppDelegate.swift */,
				D728682D1FACB2680048A5D1 /* Assets.xcassets */,
			);
			path = "Supporting Files";
			sourceTree = "<group>";
		};
		D778FE77216CC98B006BC755 /* View Controllers */ = {
			isa = PBXGroup;
			children = (
				D72868281FACB2680048A5D1 /* ViewController.swift */,
				D79B406320E4E737009275B7 /* AboutViewController.swift */,
			);
			path = "View Controllers";
			sourceTree = "<group>";
		};
/* End PBXGroup section */

/* Begin PBXNativeTarget section */
		D72868221FACB2680048A5D1 /* bulls-eye */ = {
			isa = PBXNativeTarget;
			buildConfigurationList = D72868351FACB2680048A5D1 /* Build configuration list for PBXNativeTarget "bulls-eye" */;
			buildPhases = (
				D728681F1FACB2680048A5D1 /* Sources */,
				D72868201FACB2680048A5D1 /* Frameworks */,
				D72868211FACB2680048A5D1 /* Resources */,
			);
			buildRules = (
			);
			dependencies = (
			);
			name = "bulls-eye";
			productName = "bulls-eye";
			productReference = D72868231FACB2680048A5D1 /* bulls-eye.app */;
			productType = "com.apple.product-type.application";
		};
/* End PBXNativeTarget section */

/* Begin PBXProject section */
		D728681B1FACB2680048A5D1 /* Project object */ = {
			isa = PBXProject;
			attributes = {
				LastSwiftUpdateCheck = 0910;
				LastUpgradeCheck = 0940;
				ORGANIZATIONNAME = "Arsalan Wahid Asghar";
				TargetAttributes = {
					D72868221FACB2680048A5D1 = {
						CreatedOnToolsVersion = 9.1;
						ProvisioningStyle = Automatic;
					};
				};
			};
			buildConfigurationList = D728681E1FACB2680048A5D1 /* Build configuration list for PBXProject "bulls-eye" */;
			compatibilityVersion = "Xcode 8.0";
			developmentRegion = en;
			hasScannedForEncodings = 0;
			knownRegions = (
				en,
				Base,
				de,
			);
			mainGroup = D728681A1FACB2680048A5D1;
			productRefGroup = D72868241FACB2680048A5D1 /* Products */;
			projectDirPath = "";
			projectRoot = "";
			targets = (
				D72868221FACB2680048A5D1 /* bulls-eye */,
			);
		};
/* End PBXProject section */

/* Begin PBXResourcesBuildPhase section */
		D72868211FACB2680048A5D1 /* Resources */ = {
			isa = PBXResourcesBuildPhase;
			buildActionMask = 2147483647;
			files = (
				D7CEA020214F90EC00204688 /* Localizable.strings in Resources */,
				D79B406620E50788009275B7 /* BullsEye.html in Resources */,
				D79B406820E5124D009275B7 /* Default-568h@2x.png in Resources */,
				D728682E1FACB2680048A5D1 /* Assets.xcassets in Resources */,
				D728682C1FACB2680048A5D1 /* Main.storyboard in Resources */,
			);
			runOnlyForDeploymentPostprocessing = 0;
		};
/* End PBXResourcesBuildPhase section */

/* Begin PBXSourcesBuildPhase section */
		D728681F1FACB2680048A5D1 /* Sources */ = {
			isa = PBXSourcesBuildPhase;
			buildActionMask = 2147483647;
			files = (
				D79B406420E4E737009275B7 /* AboutViewController.swift in Sources */,
				D72868291FACB2680048A5D1 /* ViewController.swift in Sources */,
				D72868271FACB2680048A5D1 /* AppDelegate.swift in Sources */,
			);
			runOnlyForDeploymentPostprocessing = 0;
		};
/* End PBXSourcesBuildPhase section */

/* Begin PBXVariantGroup section */
		D728682A1FACB2680048A5D1 /* Main.storyboard */ = {
			isa = PBXVariantGroup;
			children = (
				D728682B1FACB2680048A5D1 /* Base */,
				D7CEA018214F8C3300204688 /* en */,
				D7CEA021214F90FB00204688 /* de */,
			);
			name = Main.storyboard;
			sourceTree = "<group>";
		};
		D7CEA01E214F90EC00204688 /* Localizable.strings */ = {
			isa = PBXVariantGroup;
			children = (
				D7CEA01F214F90EC00204688 /* en */,
				D7CEA022214F90FB00204688 /* de */,
			);
			name = Localizable.strings;
			sourceTree = "<group>";
		};
/* End PBXVariantGroup section */

/* Begin XCBuildConfiguration section */
		D72868331FACB2680048A5D1 /* Debug */ = {
			isa = XCBuildConfiguration;
			buildSettings = {
				ALWAYS_SEARCH_USER_PATHS = NO;
				CLANG_ANALYZER_LOCALIZABILITY_NONLOCALIZED = YES;
				CLANG_ANALYZER_NONNULL = YES;
				CLANG_ANALYZER_NUMBER_OBJECT_CONVERSION = YES_AGGRESSIVE;
				CLANG_CXX_LANGUAGE_STANDARD = "gnu++14";
				CLANG_CXX_LIBRARY = "libc++";
				CLANG_ENABLE_MODULES = YES;
				CLANG_ENABLE_OBJC_ARC = YES;
				CLANG_WARN_BLOCK_CAPTURE_AUTORELEASING = YES;
				CLANG_WARN_BOOL_CONVERSION = YES;
				CLANG_WARN_COMMA = YES;
				CLANG_WARN_CONSTANT_CONVERSION = YES;
				CLANG_WARN_DEPRECATED_OBJC_IMPLEMENTATIONS = YES;
				CLANG_WARN_DIRECT_OBJC_ISA_USAGE = YES_ERROR;
				CLANG_WARN_DOCUMENTATION_COMMENTS = YES;
				CLANG_WARN_EMPTY_BODY = YES;
				CLANG_WARN_ENUM_CONVERSION = YES;
				CLANG_WARN_INFINITE_RECURSION = YES;
				CLANG_WARN_INT_CONVERSION = YES;
				CLANG_WARN_NON_LITERAL_NULL_CONVERSION = YES;
				CLANG_WARN_OBJC_IMPLICIT_RETAIN_SELF = YES;
				CLANG_WARN_OBJC_LITERAL_CONVERSION = YES;
				CLANG_WARN_OBJC_ROOT_CLASS = YES_ERROR;
				CLANG_WARN_RANGE_LOOP_ANALYSIS = YES;
				CLANG_WARN_STRICT_PROTOTYPES = YES;
				CLANG_WARN_SUSPICIOUS_MOVE = YES;
				CLANG_WARN_UNGUARDED_AVAILABILITY = YES_AGGRESSIVE;
				CLANG_WARN_UNREACHABLE_CODE = YES;
				CLANG_WARN__DUPLICATE_METHOD_MATCH = YES;
				CODE_SIGN_IDENTITY = "iPhone Developer";
				COPY_PHASE_STRIP = NO;
				DEBUG_INFORMATION_FORMAT = dwarf;
				ENABLE_STRICT_OBJC_MSGSEND = YES;
				ENABLE_TESTABILITY = YES;
				GCC_C_LANGUAGE_STANDARD = gnu11;
				GCC_DYNAMIC_NO_PIC = NO;
				GCC_NO_COMMON_BLOCKS = YES;
				GCC_OPTIMIZATION_LEVEL = 0;
				GCC_PREPROCESSOR_DEFINITIONS = (
					"DEBUG=1",
					"$(inherited)",
				);
				GCC_WARN_64_TO_32_BIT_CONVERSION = YES;
				GCC_WARN_ABOUT_RETURN_TYPE = YES_ERROR;
				GCC_WARN_UNDECLARED_SELECTOR = YES;
				GCC_WARN_UNINITIALIZED_AUTOS = YES_AGGRESSIVE;
				GCC_WARN_UNUSED_FUNCTION = YES;
				GCC_WARN_UNUSED_VARIABLE = YES;
				IPHONEOS_DEPLOYMENT_TARGET = 11.0;
				MTL_ENABLE_DEBUG_INFO = YES;
				ONLY_ACTIVE_ARCH = YES;
				SDKROOT = iphoneos;
				SWIFT_ACTIVE_COMPILATION_CONDITIONS = DEBUG;
				SWIFT_OPTIMIZATION_LEVEL = "-Onone";
			};
			name = Debug;
		};
		D72868341FACB2680048A5D1 /* Release */ = {
			isa = XCBuildConfiguration;
			buildSettings = {
				ALWAYS_SEARCH_USER_PATHS = NO;
				CLANG_ANALYZER_LOCALIZABILITY_NONLOCALIZED = YES;
				CLANG_ANALYZER_NONNULL = YES;
				CLANG_ANALYZER_NUMBER_OBJECT_CONVERSION = YES_AGGRESSIVE;
				CLANG_CXX_LANGUAGE_STANDARD = "gnu++14";
				CLANG_CXX_LIBRARY = "libc++";
				CLANG_ENABLE_MODULES = YES;
				CLANG_ENABLE_OBJC_ARC = YES;
				CLANG_WARN_BLOCK_CAPTURE_AUTORELEASING = YES;
				CLANG_WARN_BOOL_CONVERSION = YES;
				CLANG_WARN_COMMA = YES;
				CLANG_WARN_CONSTANT_CONVERSION = YES;
				CLANG_WARN_DEPRECATED_OBJC_IMPLEMENTATIONS = YES;
				CLANG_WARN_DIRECT_OBJC_ISA_USAGE = YES_ERROR;
				CLANG_WARN_DOCUMENTATION_COMMENTS = YES;
				CLANG_WARN_EMPTY_BODY = YES;
				CLANG_WARN_ENUM_CONVERSION = YES;
				CLANG_WARN_INFINITE_RECURSION = YES;
				CLANG_WARN_INT_CONVERSION = YES;
				CLANG_WARN_NON_LITERAL_NULL_CONVERSION = YES;
				CLANG_WARN_OBJC_IMPLICIT_RETAIN_SELF = YES;
				CLANG_WARN_OBJC_LITERAL_CONVERSION = YES;
				CLANG_WARN_OBJC_ROOT_CLASS = YES_ERROR;
				CLANG_WARN_RANGE_LOOP_ANALYSIS = YES;
				CLANG_WARN_STRICT_PROTOTYPES = YES;
				CLANG_WARN_SUSPICIOUS_MOVE = YES;
				CLANG_WARN_UNGUARDED_AVAILABILITY = YES_AGGRESSIVE;
				CLANG_WARN_UNREACHABLE_CODE = YES;
				CLANG_WARN__DUPLICATE_METHOD_MATCH = YES;
				CODE_SIGN_IDENTITY = "iPhone Developer";
				COPY_PHASE_STRIP = NO;
				DEBUG_INFORMATION_FORMAT = "dwarf-with-dsym";
				ENABLE_NS_ASSERTIONS = NO;
				ENABLE_STRICT_OBJC_MSGSEND = YES;
				GCC_C_LANGUAGE_STANDARD = gnu11;
				GCC_NO_COMMON_BLOCKS = YES;
				GCC_WARN_64_TO_32_BIT_CONVERSION = YES;
				GCC_WARN_ABOUT_RETURN_TYPE = YES_ERROR;
				GCC_WARN_UNDECLARED_SELECTOR = YES;
				GCC_WARN_UNINITIALIZED_AUTOS = YES_AGGRESSIVE;
				GCC_WARN_UNUSED_FUNCTION = YES;
				GCC_WARN_UNUSED_VARIABLE = YES;
				IPHONEOS_DEPLOYMENT_TARGET = 11.0;
				MTL_ENABLE_DEBUG_INFO = NO;
				SDKROOT = iphoneos;
				SWIFT_OPTIMIZATION_LEVEL = "-Owholemodule";
				VALIDATE_PRODUCT = YES;
			};
			name = Release;
		};
		D72868361FACB2680048A5D1 /* Debug */ = {
			isa = XCBuildConfiguration;
			buildSettings = {
				ASSETCATALOG_COMPILER_APPICON_NAME = AppIcon;
				CODE_SIGN_STYLE = Automatic;
				DEVELOPMENT_TEAM = "";
				INFOPLIST_FILE = "bulls-eye/Info.plist";
				LD_RUNPATH_SEARCH_PATHS = "$(inherited) @executable_path/Frameworks";
				PRODUCT_BUNDLE_IDENTIFIER = "com.asghars.bulls-eye";
				PRODUCT_NAME = "$(TARGET_NAME)";
				SWIFT_VERSION = 4.0;
				TARGETED_DEVICE_FAMILY = "1,2";
			};
			name = Debug;
		};
		D72868371FACB2680048A5D1 /* Release */ = {
			isa = XCBuildConfiguration;
			buildSettings = {
				ASSETCATALOG_COMPILER_APPICON_NAME = AppIcon;
				CODE_SIGN_STYLE = Automatic;
				DEVELOPMENT_TEAM = "";
				INFOPLIST_FILE = "bulls-eye/Info.plist";
				LD_RUNPATH_SEARCH_PATHS = "$(inherited) @executable_path/Frameworks";
				PRODUCT_BUNDLE_IDENTIFIER = "com.asghars.bulls-eye";
				PRODUCT_NAME = "$(TARGET_NAME)";
				SWIFT_VERSION = 4.0;
				TARGETED_DEVICE_FAMILY = "1,2";
			};
			name = Release;
		};
/* End XCBuildConfiguration section */

/* Begin XCConfigurationList section */
		D728681E1FACB2680048A5D1 /* Build configuration list for PBXProject "bulls-eye" */ = {
			isa = XCConfigurationList;
			buildConfigurations = (
				D72868331FACB2680048A5D1 /* Debug */,
				D72868341FACB2680048A5D1 /* Release */,
			);
			defaultConfigurationIsVisible = 0;
			defaultConfigurationName = Release;
		};
		D72868351FACB2680048A5D1 /* Build configuration list for PBXNativeTarget "bulls-eye" */ = {
			isa = XCConfigurationList;
			buildConfigurations = (
				D72868361FACB2680048A5D1 /* Debug */,
				D72868371FACB2680048A5D1 /* Release */,
			);
			defaultConfigurationIsVisible = 0;
			defaultConfigurationName = Release;
		};
/* End XCConfigurationList section */
	};
	rootObject = D728681B1FACB2680048A5D1 /* Project object */;
}
